// !$*UTF8*$!
{
	archiveVersion = 1;
	classes = {
	};
	objectVersion = 56;
	objects = {

/* Begin PBXBuildFile section */
		A1000001 /* JouzuLabApp.swift in Sources */ = {isa = PBXBuildFile; fileRef = A2000001 /* JouzuLabApp.swift */; };
		A1000002 /* ContentView.swift in Sources */ = {isa = PBXBuildFile; fileRef = A2000002 /* ContentView.swift */; };
		A1000003 /* Entry.swift in Sources */ = {isa = PBXBuildFile; fileRef = A2000003 /* Entry.swift */; };
		A1000004 /* DataImportService.swift in Sources */ = {isa = PBXBuildFile; fileRef = A2000004 /* DataImportService.swift */; };
		A1000005 /* BrowseView.swift in Sources */ = {isa = PBXBuildFile; fileRef = A2000005 /* BrowseView.swift */; };
		A1000006 /* EntryListView.swift in Sources */ = {isa = PBXBuildFile; fileRef = A2000006 /* EntryListView.swift */; };
		A1000007 /* EntryDetailView.swift in Sources */ = {isa = PBXBuildFile; fileRef = A2000007 /* EntryDetailView.swift */; };
		A1000008 /* EntryCard.swift in Sources */ = {isa = PBXBuildFile; fileRef = A2000008 /* EntryCard.swift */; };
		A1000009 /* japanese_data.json in Resources */ = {isa = PBXBuildFile; fileRef = A2000009 /* japanese_data.json */; };
		A1000010 /* Assets.xcassets in Resources */ = {isa = PBXBuildFile; fileRef = A2000010 /* Assets.xcassets */; };
		FA3A940B2F1B8104004B9209 /* Theme.swift in Sources */ = {isa = PBXBuildFile; fileRef = FA3A94092F1B8104004B9209 /* Theme.swift */; };
		FA3A94302F1B8C69004B9209 /* AppHeader.swift in Sources */ = {isa = PBXBuildFile; fileRef = FA3A942E2F1B8C69004B9209 /* AppHeader.swift */; };
		FA3A94312F1B8C69004B9209 /* SideMenu.swift in Sources */ = {isa = PBXBuildFile; fileRef = FA3A942F2F1B8C69004B9209 /* SideMenu.swift */; };
		FA3A943A2F1B8C87004B9209 /* StudyView.swift in Sources */ = {isa = PBXBuildFile; fileRef = FA3A94382F1B8C87004B9209 /* StudyView.swift */; };
		FA3A943B2F1B8C87004B9209 /* SettingsView.swift in Sources */ = {isa = PBXBuildFile; fileRef = FA3A94342F1B8C87004B9209 /* SettingsView.swift */; };
		FA3A943C2F1B8C87004B9209 /* ShadowView.swift in Sources */ = {isa = PBXBuildFile; fileRef = FA3A94362F1B8C87004B9209 /* ShadowView.swift */; };
		FA3A943D2F1B8C87004B9209 /* DashboardView.swift in Sources */ = {isa = PBXBuildFile; fileRef = FA3A94322F1B8C87004B9209 /* DashboardView.swift */; };
		FA3A943F2F1C13F7004B9209 /* Deck.swift in Sources */ = {isa = PBXBuildFile; fileRef = FA3A943E2F1C13F7004B9209 /* Deck.swift */; };
		FA3A94432F1C14A0004B9209 /* AudioService.swift in Sources */ = {isa = PBXBuildFile; fileRef = FA3A94402F1C14A0004B9209 /* AudioService.swift */; };
		FA3A94442F1C14A0004B9209 /* DeckService.swift in Sources */ = {isa = PBXBuildFile; fileRef = FA3A94412F1C14A0004B9209 /* DeckService.swift */; };
		FA3A94452F1C14A0004B9209 /* SRSService.swift in Sources */ = {isa = PBXBuildFile; fileRef = FA3A94422F1C14A0004B9209 /* SRSService.swift */; };
		FA3A94492F1C14B2004B9209 /* DeckDetailView.swift in Sources */ = {isa = PBXBuildFile; fileRef = FA3A94462F1C14B2004B9209 /* DeckDetailView.swift */; };
		FA3A944A2F1C14B2004B9209 /* DecksView.swift in Sources */ = {isa = PBXBuildFile; fileRef = FA3A94472F1C14B2004B9209 /* DecksView.swift */; };
		FA3A94512F1C16A6004B9209 /* BrowseFilters.swift in Sources */ = {isa = PBXBuildFile; fileRef = FA3A944F2F1C16A6004B9209 /* BrowseFilters.swift */; };
		FA3A94522F1C16A6004B9209 /* FilterBarView.swift in Sources */ = {isa = PBXBuildFile; fileRef = FA3A94502F1C16A6004B9209 /* FilterBarView.swift */; };
		FA3A94582F1C16E4004B9209 /* FlashcardView.swift in Sources */ = {isa = PBXBuildFile; fileRef = FA3A94542F1C16E4004B9209 /* FlashcardView.swift */; };
		FA3A94592F1C16E4004B9209 /* GradeButtonsView.swift in Sources */ = {isa = PBXBuildFile; fileRef = FA3A94552F1C16E4004B9209 /* GradeButtonsView.swift */; };
		FA3A945A2F1C16E4004B9209 /* SessionConfigView.swift in Sources */ = {isa = PBXBuildFile; fileRef = FA3A94562F1C16E4004B9209 /* SessionConfigView.swift */; };
		FA3A945B2F1C16E4004B9209 /* SessionSummaryView.swift in Sources */ = {isa = PBXBuildFile; fileRef = FA3A94572F1C16E4004B9209 /* SessionSummaryView.swift */; };
		FA3A945C2F1C16E4004B9209 /* FlashcardSessionView.swift in Sources */ = {isa = PBXBuildFile; fileRef = FA3A94532F1C16E4004B9209 /* FlashcardSessionView.swift */; };
/* End PBXBuildFile section */

/* Begin PBXFileReference section */
		A2000001 /* JouzuLabApp.swift */ = {isa = PBXFileReference; lastKnownFileType = sourcecode.swift; path = JouzuLabApp.swift; sourceTree = "<group>"; };
		A2000002 /* ContentView.swift */ = {isa = PBXFileReference; lastKnownFileType = sourcecode.swift; path = ContentView.swift; sourceTree = "<group>"; };
		A2000003 /* Entry.swift */ = {isa = PBXFileReference; lastKnownFileType = sourcecode.swift; path = Entry.swift; sourceTree = "<group>"; };
		A2000004 /* DataImportService.swift */ = {isa = PBXFileReference; lastKnownFileType = sourcecode.swift; path = DataImportService.swift; sourceTree = "<group>"; };
		A2000005 /* BrowseView.swift */ = {isa = PBXFileReference; lastKnownFileType = sourcecode.swift; path = BrowseView.swift; sourceTree = "<group>"; };
		A2000006 /* EntryListView.swift */ = {isa = PBXFileReference; lastKnownFileType = sourcecode.swift; path = EntryListView.swift; sourceTree = "<group>"; };
		A2000007 /* EntryDetailView.swift */ = {isa = PBXFileReference; lastKnownFileType = sourcecode.swift; path = EntryDetailView.swift; sourceTree = "<group>"; };
		A2000008 /* EntryCard.swift */ = {isa = PBXFileReference; lastKnownFileType = sourcecode.swift; path = EntryCard.swift; sourceTree = "<group>"; };
		A2000009 /* japanese_data.json */ = {isa = PBXFileReference; lastKnownFileType = text.json; path = japanese_data.json; sourceTree = "<group>"; };
		A2000010 /* Assets.xcassets */ = {isa = PBXFileReference; lastKnownFileType = folder.assetcatalog; path = Assets.xcassets; sourceTree = "<group>"; };
		A3000001 /* JouzuLab.app */ = {isa = PBXFileReference; explicitFileType = wrapper.application; includeInIndex = 0; path = JouzuLab.app; sourceTree = BUILT_PRODUCTS_DIR; };
		FA3A94092F1B8104004B9209 /* Theme.swift */ = {isa = PBXFileReference; lastKnownFileType = sourcecode.swift; path = Theme.swift; sourceTree = "<group>"; };
		FA3A942E2F1B8C69004B9209 /* AppHeader.swift */ = {isa = PBXFileReference; lastKnownFileType = sourcecode.swift; path = AppHeader.swift; sourceTree = "<group>"; };
		FA3A942F2F1B8C69004B9209 /* SideMenu.swift */ = {isa = PBXFileReference; lastKnownFileType = sourcecode.swift; path = SideMenu.swift; sourceTree = "<group>"; };
		FA3A94322F1B8C87004B9209 /* DashboardView.swift */ = {isa = PBXFileReference; lastKnownFileType = sourcecode.swift; path = DashboardView.swift; sourceTree = "<group>"; };
		FA3A94342F1B8C87004B9209 /* SettingsView.swift */ = {isa = PBXFileReference; lastKnownFileType = sourcecode.swift; path = SettingsView.swift; sourceTree = "<group>"; };
		FA3A94362F1B8C87004B9209 /* ShadowView.swift */ = {isa = PBXFileReference; lastKnownFileType = sourcecode.swift; path = ShadowView.swift; sourceTree = "<group>"; };
		FA3A94382F1B8C87004B9209 /* StudyView.swift */ = {isa = PBXFileReference; lastKnownFileType = sourcecode.swift; path = StudyView.swift; sourceTree = "<group>"; };
		FA3A943E2F1C13F7004B9209 /* Deck.swift */ = {isa = PBXFileReference; lastKnownFileType = sourcecode.swift; path = Deck.swift; sourceTree = "<group>"; };
		FA3A94402F1C14A0004B9209 /* AudioService.swift */ = {isa = PBXFileReference; lastKnownFileType = sourcecode.swift; path = AudioService.swift; sourceTree = "<group>"; };
		FA3A94412F1C14A0004B9209 /* DeckService.swift */ = {isa = PBXFileReference; lastKnownFileType = sourcecode.swift; path = DeckService.swift; sourceTree = "<group>"; };
		FA3A94422F1C14A0004B9209 /* SRSService.swift */ = {isa = PBXFileReference; lastKnownFileType = sourcecode.swift; path = SRSService.swift; sourceTree = "<group>"; };
		FA3A94462F1C14B2004B9209 /* DeckDetailView.swift */ = {isa = PBXFileReference; lastKnownFileType = sourcecode.swift; path = DeckDetailView.swift; sourceTree = "<group>"; };
		FA3A94472F1C14B2004B9209 /* DecksView.swift */ = {isa = PBXFileReference; lastKnownFileType = sourcecode.swift; path = DecksView.swift; sourceTree = "<group>"; };
		FA3A944F2F1C16A6004B9209 /* BrowseFilters.swift */ = {isa = PBXFileReference; lastKnownFileType = sourcecode.swift; path = BrowseFilters.swift; sourceTree = "<group>"; };
		FA3A94502F1C16A6004B9209 /* FilterBarView.swift */ = {isa = PBXFileReference; lastKnownFileType = sourcecode.swift; path = FilterBarView.swift; sourceTree = "<group>"; };
		FA3A94532F1C16E4004B9209 /* FlashcardSessionView.swift */ = {isa = PBXFileReference; lastKnownFileType = sourcecode.swift; path = FlashcardSessionView.swift; sourceTree = "<group>"; };
		FA3A94542F1C16E4004B9209 /* FlashcardView.swift */ = {isa = PBXFileReference; lastKnownFileType = sourcecode.swift; path = FlashcardView.swift; sourceTree = "<group>"; };
		FA3A94552F1C16E4004B9209 /* GradeButtonsView.swift */ = {isa = PBXFileReference; lastKnownFileType = sourcecode.swift; path = GradeButtonsView.swift; sourceTree = "<group>"; };
		FA3A94562F1C16E4004B9209 /* SessionConfigView.swift */ = {isa = PBXFileReference; lastKnownFileType = sourcecode.swift; path = SessionConfigView.swift; sourceTree = "<group>"; };
		FA3A94572F1C16E4004B9209 /* SessionSummaryView.swift */ = {isa = PBXFileReference; lastKnownFileType = sourcecode.swift; path = SessionSummaryView.swift; sourceTree = "<group>"; };
/* End PBXFileReference section */

/* Begin PBXFrameworksBuildPhase section */
		A4000001 /* Frameworks */ = {
			isa = PBXFrameworksBuildPhase;
			buildActionMask = 2147483647;
			files = (
			);
			runOnlyForDeploymentPostprocessing = 0;
		};
/* End PBXFrameworksBuildPhase section */

/* Begin PBXGroup section */
		A5000001 = {
			isa = PBXGroup;
			children = (
				A5000002 /* JouzuLab */,
				A5000010 /* Products */,
			);
			sourceTree = "<group>";
		};
		A5000002 /* JouzuLab */ = {
			isa = PBXGroup;
			children = (
				FA3A940A2F1B8104004B9209 /* Theme */,
				A2000001 /* JouzuLabApp.swift */,
				A5000003 /* Models */,
				A5000004 /* Services */,
				A5000005 /* Views */,
				A5000009 /* Resources */,
			);
			path = JouzuLab;
			sourceTree = "<group>";
		};
		A5000003 /* Models */ = {
			isa = PBXGroup;
			children = (
				FA3A943E2F1C13F7004B9209 /* Deck.swift */,
				A2000003 /* Entry.swift */,
			);
			path = Models;
			sourceTree = "<group>";
		};
		A5000004 /* Services */ = {
			isa = PBXGroup;
			children = (
				FA3A94402F1C14A0004B9209 /* AudioService.swift */,
				FA3A94412F1C14A0004B9209 /* DeckService.swift */,
				FA3A94422F1C14A0004B9209 /* SRSService.swift */,
				A2000004 /* DataImportService.swift */,
			);
			path = Services;
			sourceTree = "<group>";
		};
		A5000005 /* Views */ = {
			isa = PBXGroup;
			children = (
				FA3A94482F1C14B2004B9209 /* Decks */,
				FA3A94332F1B8C87004B9209 /* Dashboard */,
				FA3A94352F1B8C87004B9209 /* Settings */,
				FA3A94372F1B8C87004B9209 /* Shadow */,
				FA3A94392F1B8C87004B9209 /* Study */,
				A2000002 /* ContentView.swift */,
				A5000006 /* Browse */,
				A5000007 /* Components */,
			);
			path = Views;
			sourceTree = "<group>";
		};
		A5000006 /* Browse */ = {
			isa = PBXGroup;
			children = (
				FA3A944F2F1C16A6004B9209 /* BrowseFilters.swift */,
				FA3A94502F1C16A6004B9209 /* FilterBarView.swift */,
				A2000005 /* BrowseView.swift */,
				A2000006 /* EntryListView.swift */,
				A2000007 /* EntryDetailView.swift */,
			);
			path = Browse;
			sourceTree = "<group>";
		};
		A5000007 /* Components */ = {
			isa = PBXGroup;
			children = (
				FA3A942E2F1B8C69004B9209 /* AppHeader.swift */,
				FA3A942F2F1B8C69004B9209 /* SideMenu.swift */,
				A2000008 /* EntryCard.swift */,
			);
			path = Components;
			sourceTree = "<group>";
		};
		A5000009 /* Resources */ = {
			isa = PBXGroup;
			children = (
				A2000009 /* japanese_data.json */,
				A2000010 /* Assets.xcassets */,
			);
			path = Resources;
			sourceTree = "<group>";
		};
		A5000010 /* Products */ = {
			isa = PBXGroup;
			children = (
				A3000001 /* JouzuLab.app */,
			);
			name = Products;
			sourceTree = "<group>";
		};
		FA3A940A2F1B8104004B9209 /* Theme */ = {
			isa = PBXGroup;
			children = (
				FA3A94092F1B8104004B9209 /* Theme.swift */,
			);
			path = Theme;
			sourceTree = "<group>";
		};
		FA3A94332F1B8C87004B9209 /* Dashboard */ = {
			isa = PBXGroup;
			children = (
				FA3A94322F1B8C87004B9209 /* DashboardView.swift */,
			);
			path = Dashboard;
			sourceTree = "<group>";
		};
		FA3A94352F1B8C87004B9209 /* Settings */ = {
			isa = PBXGroup;
			children = (
				FA3A94342F1B8C87004B9209 /* SettingsView.swift */,
			);
			path = Settings;
			sourceTree = "<group>";
		};
		FA3A94372F1B8C87004B9209 /* Shadow */ = {
			isa = PBXGroup;
			children = (
				FA3A94362F1B8C87004B9209 /* ShadowView.swift */,
			);
			path = Shadow;
			sourceTree = "<group>";
		};
		FA3A94392F1B8C87004B9209 /* Study */ = {
			isa = PBXGroup;
			children = (
				FA3A94382F1B8C87004B9209 /* StudyView.swift */,
				FA3A94532F1C16E4004B9209 /* FlashcardSessionView.swift */,
				FA3A94542F1C16E4004B9209 /* FlashcardView.swift */,
				FA3A94552F1C16E4004B9209 /* GradeButtonsView.swift */,
				FA3A94562F1C16E4004B9209 /* SessionConfigView.swift */,
				FA3A94572F1C16E4004B9209 /* SessionSummaryView.swift */,
			);
			path = Study;
			sourceTree = "<group>";
		};
		FA3A94482F1C14B2004B9209 /* Decks */ = {
			isa = PBXGroup;
			children = (
				FA3A94462F1C14B2004B9209 /* DeckDetailView.swift */,
				FA3A94472F1C14B2004B9209 /* DecksView.swift */,
			);
			path = Decks;
			sourceTree = "<group>";
		};
/* End PBXGroup section */

/* Begin PBXNativeTarget section */
		A6000001 /* JouzuLab */ = {
			isa = PBXNativeTarget;
			buildConfigurationList = A8000001 /* Build configuration list for PBXNativeTarget "JouzuLab" */;
			buildPhases = (
				A7000001 /* Sources */,
				A4000001 /* Frameworks */,
				A7000002 /* Resources */,
			);
			buildRules = (
			);
			dependencies = (
			);
			name = JouzuLab;
			productName = JouzuLab;
			productReference = A3000001 /* JouzuLab.app */;
			productType = "com.apple.product-type.application";
		};
/* End PBXNativeTarget section */

/* Begin PBXProject section */
		A9000001 /* Project object */ = {
			isa = PBXProject;
			attributes = {
				BuildIndependentTargetsInParallel = 1;
				LastSwiftUpdateCheck = 1500;
				LastUpgradeCheck = 2620;
				TargetAttributes = {
					A6000001 = {
						CreatedOnToolsVersion = 15.0;
					};
				};
			};
			buildConfigurationList = A8000002 /* Build configuration list for PBXProject "JouzuLab" */;
			compatibilityVersion = "Xcode 14.0";
			developmentRegion = en;
			hasScannedForEncodings = 0;
			knownRegions = (
				en,
				Base,
			);
			mainGroup = A5000001;
			productRefGroup = A5000010 /* Products */;
			projectDirPath = "";
			projectRoot = "";
			targets = (
				A6000001 /* JouzuLab */,
			);
		};
/* End PBXProject section */

/* Begin PBXResourcesBuildPhase section */
		A7000002 /* Resources */ = {
			isa = PBXResourcesBuildPhase;
			buildActionMask = 2147483647;
			files = (
				A1000009 /* japanese_data.json in Resources */,
				A1000010 /* Assets.xcassets in Resources */,
			);
			runOnlyForDeploymentPostprocessing = 0;
		};
/* End PBXResourcesBuildPhase section */

/* Begin PBXSourcesBuildPhase section */
		A7000001 /* Sources */ = {
			isa = PBXSourcesBuildPhase;
			buildActionMask = 2147483647;
			files = (
				A1000001 /* JouzuLabApp.swift in Sources */,
				A1000002 /* ContentView.swift in Sources */,
				A1000003 /* Entry.swift in Sources */,
				A1000004 /* DataImportService.swift in Sources */,
				A1000005 /* BrowseView.swift in Sources */,
				FA3A94512F1C16A6004B9209 /* BrowseFilters.swift in Sources */,
				FA3A94522F1C16A6004B9209 /* FilterBarView.swift in Sources */,
				A1000006 /* EntryListView.swift in Sources */,
				A1000007 /* EntryDetailView.swift in Sources */,
				A1000008 /* EntryCard.swift in Sources */,
				FA3A94582F1C16E4004B9209 /* FlashcardView.swift in Sources */,
				FA3A94592F1C16E4004B9209 /* GradeButtonsView.swift in Sources */,
				FA3A945A2F1C16E4004B9209 /* SessionConfigView.swift in Sources */,
				FA3A945B2F1C16E4004B9209 /* SessionSummaryView.swift in Sources */,
				FA3A945C2F1C16E4004B9209 /* FlashcardSessionView.swift in Sources */,
				FA3A94432F1C14A0004B9209 /* AudioService.swift in Sources */,
				FA3A94442F1C14A0004B9209 /* DeckService.swift in Sources */,
				FA3A94452F1C14A0004B9209 /* SRSService.swift in Sources */,
				FA3A943A2F1B8C87004B9209 /* StudyView.swift in Sources */,
				FA3A943B2F1B8C87004B9209 /* SettingsView.swift in Sources */,
				FA3A943C2F1B8C87004B9209 /* ShadowView.swift in Sources */,
				FA3A943D2F1B8C87004B9209 /* DashboardView.swift in Sources */,
				FA3A94492F1C14B2004B9209 /* DeckDetailView.swift in Sources */,
				FA3A944A2F1C14B2004B9209 /* DecksView.swift in Sources */,
				FA3A943F2F1C13F7004B9209 /* Deck.swift in Sources */,
				FA3A940B2F1B8104004B9209 /* Theme.swift in Sources */,
				FA3A94302F1B8C69004B9209 /* AppHeader.swift in Sources */,
				FA3A94312F1B8C69004B9209 /* SideMenu.swift in Sources */,
			);
			runOnlyForDeploymentPostprocessing = 0;
		};
/* End PBXSourcesBuildPhase section */

/* Begin XCBuildConfiguration section */
		AA000001 /* Debug */ = {
			isa = XCBuildConfiguration;
			buildSettings = {
				ALWAYS_SEARCH_USER_PATHS = NO;
				ASSETCATALOG_COMPILER_GENERATE_SWIFT_ASSET_SYMBOL_EXTENSIONS = YES;
				CLANG_ANALYZER_NONNULL = YES;
				CLANG_ANALYZER_NUMBER_OBJECT_CONVERSION = YES_AGGRESSIVE;
				CLANG_CXX_LANGUAGE_STANDARD = "gnu++20";
				CLANG_ENABLE_MODULES = YES;
				CLANG_ENABLE_OBJC_ARC = YES;
				CLANG_ENABLE_OBJC_WEAK = YES;
				CLANG_WARN_BLOCK_CAPTURE_AUTORELEASING = YES;
				CLANG_WARN_BOOL_CONVERSION = YES;
				CLANG_WARN_COMMA = YES;
				CLANG_WARN_CONSTANT_CONVERSION = YES;
				CLANG_WARN_DEPRECATED_OBJC_IMPLEMENTATIONS = YES;
				CLANG_WARN_DIRECT_OBJC_ISA_USAGE = YES_ERROR;
				CLANG_WARN_DOCUMENTATION_COMMENTS = YES;
				CLANG_WARN_EMPTY_BODY = YES;
				CLANG_WARN_ENUM_CONVERSION = YES;
				CLANG_WARN_INFINITE_RECURSION = YES;
				CLANG_WARN_INT_CONVERSION = YES;
				CLANG_WARN_NON_LITERAL_NULL_CONVERSION = YES;
				CLANG_WARN_OBJC_IMPLICIT_RETAIN_SELF = YES;
				CLANG_WARN_OBJC_LITERAL_CONVERSION = YES;
				CLANG_WARN_OBJC_ROOT_CLASS = YES_ERROR;
				CLANG_WARN_QUOTED_INCLUDE_IN_FRAMEWORK_HEADER = YES;
				CLANG_WARN_RANGE_LOOP_ANALYSIS = YES;
				CLANG_WARN_STRICT_PROTOTYPES = YES;
				CLANG_WARN_SUSPICIOUS_MOVE = YES;
				CLANG_WARN_UNGUARDED_AVAILABILITY = YES_AGGRESSIVE;
				CLANG_WARN_UNREACHABLE_CODE = YES;
				CLANG_WARN__DUPLICATE_METHOD_MATCH = YES;
				COPY_PHASE_STRIP = NO;
				DEBUG_INFORMATION_FORMAT = dwarf;
				ENABLE_STRICT_OBJC_MSGSEND = YES;
				ENABLE_TESTABILITY = YES;
				ENABLE_USER_SCRIPT_SANDBOXING = YES;
				GCC_C_LANGUAGE_STANDARD = gnu17;
				GCC_DYNAMIC_NO_PIC = NO;
				GCC_NO_COMMON_BLOCKS = YES;
				GCC_OPTIMIZATION_LEVEL = 0;
				GCC_PREPROCESSOR_DEFINITIONS = (
					"DEBUG=1",
					"$(inherited)",
				);
				GCC_WARN_64_TO_32_BIT_CONVERSION = YES;
				GCC_WARN_ABOUT_RETURN_TYPE = YES_ERROR;
				GCC_WARN_UNDECLARED_SELECTOR = YES;
				GCC_WARN_UNINITIALIZED_AUTOS = YES_AGGRESSIVE;
				GCC_WARN_UNUSED_FUNCTION = YES;
				GCC_WARN_UNUSED_VARIABLE = YES;
				IPHONEOS_DEPLOYMENT_TARGET = 17.0;
				LOCALIZATION_PREFERS_STRING_CATALOGS = YES;
				MTL_ENABLE_DEBUG_INFO = INCLUDE_SOURCE;
				MTL_FAST_MATH = YES;
				ONLY_ACTIVE_ARCH = YES;
				SDKROOT = iphoneos;
				STRING_CATALOG_GENERATE_SYMBOLS = YES;
				SWIFT_ACTIVE_COMPILATION_CONDITIONS = "DEBUG $(inherited)";
				SWIFT_OPTIMIZATION_LEVEL = "-Onone";
			};
			name = Debug;
		};
		AA000002 /* Release */ = {
			isa = XCBuildConfiguration;
			buildSettings = {
				ALWAYS_SEARCH_USER_PATHS = NO;
				ASSETCATALOG_COMPILER_GENERATE_SWIFT_ASSET_SYMBOL_EXTENSIONS = YES;
				CLANG_ANALYZER_NONNULL = YES;
				CLANG_ANALYZER_NUMBER_OBJECT_CONVERSION = YES_AGGRESSIVE;
				CLANG_CXX_LANGUAGE_STANDARD = "gnu++20";
				CLANG_ENABLE_MODULES = YES;
				CLANG_ENABLE_OBJC_ARC = YES;
				CLANG_ENABLE_OBJC_WEAK = YES;
				CLANG_WARN_BLOCK_CAPTURE_AUTORELEASING = YES;
				CLANG_WARN_BOOL_CONVERSION = YES;
				CLANG_WARN_COMMA = YES;
				CLANG_WARN_CONSTANT_CONVERSION = YES;
				CLANG_WARN_DEPRECATED_OBJC_IMPLEMENTATIONS = YES;
				CLANG_WARN_DIRECT_OBJC_ISA_USAGE = YES_ERROR;
				CLANG_WARN_DOCUMENTATION_COMMENTS = YES;
				CLANG_WARN_EMPTY_BODY = YES;
				CLANG_WARN_ENUM_CONVERSION = YES;
				CLANG_WARN_INFINITE_RECURSION = YES;
				CLANG_WARN_INT_CONVERSION = YES;
				CLANG_WARN_NON_LITERAL_NULL_CONVERSION = YES;
				CLANG_WARN_OBJC_IMPLICIT_RETAIN_SELF = YES;
				CLANG_WARN_OBJC_LITERAL_CONVERSION = YES;
				CLANG_WARN_OBJC_ROOT_CLASS = YES_ERROR;
				CLANG_WARN_QUOTED_INCLUDE_IN_FRAMEWORK_HEADER = YES;
				CLANG_WARN_RANGE_LOOP_ANALYSIS = YES;
				CLANG_WARN_STRICT_PROTOTYPES = YES;
				CLANG_WARN_SUSPICIOUS_MOVE = YES;
				CLANG_WARN_UNGUARDED_AVAILABILITY = YES_AGGRESSIVE;
				CLANG_WARN_UNREACHABLE_CODE = YES;
				CLANG_WARN__DUPLICATE_METHOD_MATCH = YES;
				COPY_PHASE_STRIP = NO;
				DEBUG_INFORMATION_FORMAT = "dwarf-with-dsym";
				ENABLE_NS_ASSERTIONS = NO;
				ENABLE_STRICT_OBJC_MSGSEND = YES;
				ENABLE_USER_SCRIPT_SANDBOXING = YES;
				GCC_C_LANGUAGE_STANDARD = gnu17;
				GCC_NO_COMMON_BLOCKS = YES;
				GCC_WARN_64_TO_32_BIT_CONVERSION = YES;
				GCC_WARN_ABOUT_RETURN_TYPE = YES_ERROR;
				GCC_WARN_UNDECLARED_SELECTOR = YES;
				GCC_WARN_UNINITIALIZED_AUTOS = YES_AGGRESSIVE;
				GCC_WARN_UNUSED_FUNCTION = YES;
				GCC_WARN_UNUSED_VARIABLE = YES;
				IPHONEOS_DEPLOYMENT_TARGET = 17.0;
				LOCALIZATION_PREFERS_STRING_CATALOGS = YES;
				MTL_ENABLE_DEBUG_INFO = NO;
				MTL_FAST_MATH = YES;
				SDKROOT = iphoneos;
				STRING_CATALOG_GENERATE_SYMBOLS = YES;
				SWIFT_COMPILATION_MODE = wholemodule;
				VALIDATE_PRODUCT = YES;
			};
			name = Release;
		};
		AA000003 /* Debug */ = {
			isa = XCBuildConfiguration;
			buildSettings = {
				ASSETCATALOG_COMPILER_APPICON_NAME = AppIcon;
				ASSETCATALOG_COMPILER_GLOBAL_ACCENT_COLOR_NAME = AccentColor;
				CODE_SIGN_STYLE = Automatic;
				CURRENT_PROJECT_VERSION = 1;
				DEVELOPMENT_TEAM = "";
				ENABLE_PREVIEWS = YES;
				GENERATE_INFOPLIST_FILE = YES;
				INFOPLIST_KEY_UIApplicationSceneManifest_Generation = YES;
				INFOPLIST_KEY_UIApplicationSupportsIndirectInputEvents = YES;
				INFOPLIST_KEY_UILaunchScreen_Generation = YES;
				INFOPLIST_KEY_UISupportedInterfaceOrientations_iPad = "UIInterfaceOrientationPortrait UIInterfaceOrientationPortraitUpsideDown UIInterfaceOrientationLandscapeLeft UIInterfaceOrientationLandscapeRight";
				INFOPLIST_KEY_UISupportedInterfaceOrientations_iPhone = "UIInterfaceOrientationPortrait UIInterfaceOrientationLandscapeLeft UIInterfaceOrientationLandscapeRight";
				LD_RUNPATH_SEARCH_PATHS = (
					"$(inherited)",
					"@executable_path/Frameworks",
				);
				MARKETING_VERSION = 1.0;
				PRODUCT_BUNDLE_IDENTIFIER = com.jouzulab.app;
				PRODUCT_NAME = "$(TARGET_NAME)";
				SWIFT_EMIT_LOC_STRINGS = YES;
				SWIFT_VERSION = 5.0;
				TARGETED_DEVICE_FAMILY = "1,2";
			};
			name = Debug;
		};
		AA000004 /* Release */ = {
			isa = XCBuildConfiguration;
			buildSettings = {
				ASSETCATALOG_COMPILER_APPICON_NAME = AppIcon;
				ASSETCATALOG_COMPILER_GLOBAL_ACCENT_COLOR_NAME = AccentColor;
				CODE_SIGN_STYLE = Automatic;
				CURRENT_PROJECT_VERSION = 1;
				DEVELOPMENT_TEAM = "";
				ENABLE_PREVIEWS = YES;
				GENERATE_INFOPLIST_FILE = YES;
				INFOPLIST_KEY_UIApplicationSceneManifest_Generation = YES;
				INFOPLIST_KEY_UIApplicationSupportsIndirectInputEvents = YES;
				INFOPLIST_KEY_UILaunchScreen_Generation = YES;
				INFOPLIST_KEY_UISupportedInterfaceOrientations_iPad = "UIInterfaceOrientationPortrait UIInterfaceOrientationPortraitUpsideDown UIInterfaceOrientationLandscapeLeft UIInterfaceOrientationLandscapeRight";
				INFOPLIST_KEY_UISupportedInterfaceOrientations_iPhone = "UIInterfaceOrientationPortrait UIInterfaceOrientationLandscapeLeft UIInterfaceOrientationLandscapeRight";
				LD_RUNPATH_SEARCH_PATHS = (
					"$(inherited)",
					"@executable_path/Frameworks",
				);
				MARKETING_VERSION = 1.0;
				PRODUCT_BUNDLE_IDENTIFIER = com.jouzulab.app;
				PRODUCT_NAME = "$(TARGET_NAME)";
				SWIFT_EMIT_LOC_STRINGS = YES;
				SWIFT_VERSION = 5.0;
				TARGETED_DEVICE_FAMILY = "1,2";
			};
			name = Release;
		};
/* End XCBuildConfiguration section */

/* Begin XCConfigurationList section */
		A8000001 /* Build configuration list for PBXNativeTarget "JouzuLab" */ = {
			isa = XCConfigurationList;
			buildConfigurations = (
				AA000003 /* Debug */,
				AA000004 /* Release */,
			);
			defaultConfigurationIsVisible = 0;
			defaultConfigurationName = Release;
		};
		A8000002 /* Build configuration list for PBXProject "JouzuLab" */ = {
			isa = XCConfigurationList;
			buildConfigurations = (
				AA000001 /* Debug */,
				AA000002 /* Release */,
			);
			defaultConfigurationIsVisible = 0;
			defaultConfigurationName = Release;
		};
/* End XCConfigurationList section */
	};
	rootObject = A9000001 /* Project object */;
}
